
Microsoft Visual Studio Solution File, Format Version 12.00
# Visual Studio Version 17
VisualStudioVersion = 17.6.33723.286
MinimumVisualStudioVersion = 10.0.40219.1
Project("{FAE04EC0-301F-11D3-BF4B-00C04F79EFBC}") = "BirthdayParty.API", "BirthdayPartyBooking\BirthdayParty.API.csproj", "{9746BA24-CF25-41EE-9266-2160FF55C936}"
EndProject
Project("{FAE04EC0-301F-11D3-BF4B-00C04F79EFBC}") = "BirthdayParty.Models", "BirthdayParty.Models\BirthdayParty.Models.csproj", "{42C9DC2D-A5DC-4929-8923-C8E5E0375268}"
EndProject
Project("{FAE04EC0-301F-11D3-BF4B-00C04F79EFBC}") = "BirthdayParty.Repository", "BirthdayParty.Repository\BirthdayParty.Repository.csproj", "{B8FFE72F-A0CE-4C50-9EC4-784F27283CA4}"
EndProject
Project("{FAE04EC0-301F-11D3-BF4B-00C04F79EFBC}") = "BirthdayParty.DAL", "BirthdayParty.DAL\BirthdayParty.DAL.csproj", "{0928CB40-BB42-476D-A6EF-53E06F7385EF}"
EndProject
Global
	GlobalSection(SolutionConfigurationPlatforms) = preSolution
		Debug|Any CPU = Debug|Any CPU
		Release|Any CPU = Release|Any CPU
	EndGlobalSection
	GlobalSection(ProjectConfigurationPlatforms) = postSolution
		{9746BA24-CF25-41EE-9266-2160FF55C936}.Debug|Any CPU.ActiveCfg = Debug|Any CPU
		{9746BA24-CF25-41EE-9266-2160FF55C936}.Debug|Any CPU.Build.0 = Debug|Any CPU
		{9746BA24-CF25-41EE-9266-2160FF55C936}.Release|Any CPU.ActiveCfg = Release|Any CPU
		{9746BA24-CF25-41EE-9266-2160FF55C936}.Release|Any CPU.Build.0 = Release|Any CPU
		{42C9DC2D-A5DC-4929-8923-C8E5E0375268}.Debug|Any CPU.ActiveCfg = Debug|Any CPU
		{42C9DC2D-A5DC-4929-8923-C8E5E0375268}.Debug|Any CPU.Build.0 = Debug|Any CPU
		{42C9DC2D-A5DC-4929-8923-C8E5E0375268}.Release|Any CPU.ActiveCfg = Release|Any CPU
		{42C9DC2D-A5DC-4929-8923-C8E5E0375268}.Release|Any CPU.Build.0 = Release|Any CPU
		{B8FFE72F-A0CE-4C50-9EC4-784F27283CA4}.Debug|Any CPU.ActiveCfg = Debug|Any CPU
		{B8FFE72F-A0CE-4C50-9EC4-784F27283CA4}.Debug|Any CPU.Build.0 = Debug|Any CPU
		{B8FFE72F-A0CE-4C50-9EC4-784F27283CA4}.Release|Any CPU.ActiveCfg = Release|Any CPU
		{B8FFE72F-A0CE-4C50-9EC4-784F27283CA4}.Release|Any CPU.Build.0 = Release|Any CPU
		{0928CB40-BB42-476D-A6EF-53E06F7385EF}.Debug|Any CPU.ActiveCfg = Debug|Any CPU
		{0928CB40-BB42-476D-A6EF-53E06F7385EF}.Debug|Any CPU.Build.0 = Debug|Any CPU
		{0928CB40-BB42-476D-A6EF-53E06F7385EF}.Release|Any CPU.ActiveCfg = Release|Any CPU
		{0928CB40-BB42-476D-A6EF-53E06F7385EF}.Release|Any CPU.Build.0 = Release|Any CPU
	EndGlobalSection
	GlobalSection(SolutionProperties) = preSolution
		HideSolutionNode = FALSE
	EndGlobalSection
	GlobalSection(ExtensibilityGlobals) = postSolution
		SolutionGuid = {762821D8-9914-4DAE-9AF3-5BE1BA7FFEC7}
	EndGlobalSection
EndGlobal
